{
  "object": {
    "pins": [
      {
        "package": "CMinizip",
        "repositoryURL": "https://github.com/sinoru/CMinizip.swift.git",
        "state": {
          "branch": null,
          "revision": "78fb6a81d64330880e87c0df654825ada01fb336",
          "version": "2.9.1"
        }
      },
      {
        "package": "JGProgressHUD",
        "repositoryURL": "https://github.com/JonasGessner/JGProgressHUD.git",
        "state": {
          "branch": null,
          "revision": "08d130dd614a743f813286f096804c43a6ffa3f6",
          "version": "2.1.0"
        }
      },
      {
        "package": "Shinjuku",
        "repositoryURL": "https://github.com/sinoru/Shinjuku.git",
        "state": {
          "branch": null,
          "revision": "9870c26a60bbec70cc9900985672516c008b9a5a",
          "version": null
        }
      },
      {
        "package": "SNFoundation",
        "repositoryURL": "https://github.com/sinoru/SNFoundation.swift.git",
        "state": {
          "branch": null,
          "revision": "7cc9dfede144ef0d5e30a02eaeebbe67dd43e66c",
          "version": null
        }
      },
      {
        "package": "SNUXKit",
        "repositoryURL": "https://github.com/sinoru/SNUXKit.swift.git",
        "state": {
          "branch": null,
          "revision": "64ebb86d80a125941dc6b2495921b15546eb2c6b",
          "version": null
        }
      }
    ]
  },
  "version": 1
}
