{
  "object": {
    "pins": [
      {
        "package": "CMinizip",
        "repositoryURL": "https://github.com/sinoru/CMinizip.swift.git",
        "state": {
          "branch": null,
          "revision": "643b65416e605ed95daa99b52c478bceb25290d2",
          "version": "2.9.1"
        }
      },
      {
        "package": "JGProgressHUD",
        "repositoryURL": "https://github.com/JonasGessner/JGProgressHUD.git",
        "state": {
          "branch": null,
          "revision": "08d130dd614a743f813286f096804c43a6ffa3f6",
          "version": "2.1.0"
        }
      },
      {
        "package": "Shinjuku",
        "repositoryURL": "https://github.com/sinoru/Shinjuku.git",
        "state": {
          "branch": null,
          "revision": "9870c26a60bbec70cc9900985672516c008b9a5a",
          "version": null
        }
      },
      {
        "package": "SNFoundation",
        "repositoryURL": "https://github.com/sinoru/SNFoundation.swift.git",
        "state": {
          "branch": null,
          "revision": "a19d1627ed46ac123fcd79d187f47cb589b96a02",
          "version": null
        }
      }
    ]
  },
  "version": 1
}
