// !$*UTF8*$!
{
	archiveVersion = 1;
	classes = {
	};
	objectVersion = 52;
	objects = {

/* Begin PBXBuildFile section */
		193E32D923D9866C00102F5B /* EPUBReaderPageNavigatable.swift in Sources */ = {isa = PBXBuildFile; fileRef = 193E32D823D9866C00102F5B /* EPUBReaderPageNavigatable.swift */; };
		195E12A523D93C89004ED2B1 /* EPUBReaderTOCView.swift in Sources */ = {isa = PBXBuildFile; fileRef = 195E12A423D93C89004ED2B1 /* EPUBReaderTOCView.swift */; };
		195E12A723D9418C004ED2B1 /* EPUBReaderTOCRowView.swift in Sources */ = {isa = PBXBuildFile; fileRef = 195E12A623D9418C004ED2B1 /* EPUBReaderTOCRowView.swift */; };
		1E16BCB423D692E2001EAB2A /* EPUBReaderScrollingTableViewController.swift in Sources */ = {isa = PBXBuildFile; fileRef = 1E16BCB323D692E2001EAB2A /* EPUBReaderScrollingTableViewController.swift */; };
		1E16BCB623D69521001EAB2A /* EPUBReaderScrollingTableViewCell.swift in Sources */ = {isa = PBXBuildFile; fileRef = 1E16BCB523D69521001EAB2A /* EPUBReaderScrollingTableViewCell.swift */; };
		1E16BCB823D695DA001EAB2A /* EPUBReaderWebViewController.swift in Sources */ = {isa = PBXBuildFile; fileRef = 1E16BCB723D695DA001EAB2A /* EPUBReaderWebViewController.swift */; };
		1E16BCBC23D6DB87001EAB2A /* EPUBReaderOptionsView.swift in Sources */ = {isa = PBXBuildFile; fileRef = 1E16BCBB23D6DB87001EAB2A /* EPUBReaderOptionsView.swift */; };
		1E16BCBE23D6DCC6001EAB2A /* EPUBReaderOptions.swift in Sources */ = {isa = PBXBuildFile; fileRef = 1E16BCBD23D6DCC6001EAB2A /* EPUBReaderOptions.swift */; };
		1E19926923D5A3320036FF08 /* EPUBReaderViewController.swift in Sources */ = {isa = PBXBuildFile; fileRef = 1E19926823D5A3320036FF08 /* EPUBReaderViewController.swift */; };
		1E19B4AB23CC0AB300CFE2F3 /* EPUBPreviewView.swift in Sources */ = {isa = PBXBuildFile; fileRef = 1E19B4AA23CC0AB300CFE2F3 /* EPUBPreviewView.swift */; };
		1E19B4B223CC6FA900CFE2F3 /* JGProgressHUD in Frameworks */ = {isa = PBXBuildFile; productRef = 1E19B4B123CC6FA900CFE2F3 /* JGProgressHUD */; };
		1E19B4B423CC700500CFE2F3 /* ProgressHUDController.swift in Sources */ = {isa = PBXBuildFile; fileRef = 1E19B4B323CC700500CFE2F3 /* ProgressHUDController.swift */; };
		1E2F96ED23D013CF00A6CD79 /* EPUBKitDynamic in Frameworks */ = {isa = PBXBuildFile; productRef = 1E2F96EC23D013CF00A6CD79 /* EPUBKitDynamic */; };
		1E2F96EE23D013CF00A6CD79 /* EPUBKitDynamic in Embed Frameworks */ = {isa = PBXBuildFile; productRef = 1E2F96EC23D013CF00A6CD79 /* EPUBKitDynamic */; settings = {ATTRIBUTES = (CodeSignOnCopy, ); }; };
		1E2F96F023D013D800A6CD79 /* EPUBKitDynamic in Frameworks */ = {isa = PBXBuildFile; productRef = 1E2F96EF23D013D800A6CD79 /* EPUBKitDynamic */; };
		1E2F96F123D013D800A6CD79 /* EPUBKitDynamic in Embed Frameworks */ = {isa = PBXBuildFile; productRef = 1E2F96EF23D013D800A6CD79 /* EPUBKitDynamic */; settings = {ATTRIBUTES = (CodeSignOnCopy, ); }; };
		1E6C5ACF23BF3C8700A3DE04 /* AppDelegate.swift in Sources */ = {isa = PBXBuildFile; fileRef = 1E6C5ACE23BF3C8700A3DE04 /* AppDelegate.swift */; };
		1E6C5AD123BF3C8700A3DE04 /* DocumentBrowserViewController.swift in Sources */ = {isa = PBXBuildFile; fileRef = 1E6C5AD023BF3C8700A3DE04 /* DocumentBrowserViewController.swift */; };
		1E6C5AD823BF3C8700A3DE04 /* Main.storyboard in Resources */ = {isa = PBXBuildFile; fileRef = 1E6C5AD623BF3C8700A3DE04 /* Main.storyboard */; };
		1E6C5ADA23BF3C8900A3DE04 /* Assets.xcassets in Resources */ = {isa = PBXBuildFile; fileRef = 1E6C5AD923BF3C8900A3DE04 /* Assets.xcassets */; };
		1E6C5ADD23BF3C8900A3DE04 /* LaunchScreen.storyboard in Resources */ = {isa = PBXBuildFile; fileRef = 1E6C5ADB23BF3C8900A3DE04 /* LaunchScreen.storyboard */; };
		1E6C5AE823BF3C8900A3DE04 /* EPUBViewerTests.swift in Sources */ = {isa = PBXBuildFile; fileRef = 1E6C5AE723BF3C8900A3DE04 /* EPUBViewerTests.swift */; };
		1E6C5AF323BF3C8900A3DE04 /* EPUBViewerUITests.swift in Sources */ = {isa = PBXBuildFile; fileRef = 1E6C5AF223BF3C8900A3DE04 /* EPUBViewerUITests.swift */; };
		1E781A6F23C87AB5005DA32D /* QuickLook.framework in Frameworks */ = {isa = PBXBuildFile; fileRef = 1E781A6E23C87AB5005DA32D /* QuickLook.framework */; };
		1E781A7223C87AB5005DA32D /* PreviewViewController.swift in Sources */ = {isa = PBXBuildFile; fileRef = 1E781A7123C87AB5005DA32D /* PreviewViewController.swift */; };
		1E781A7523C87AB5005DA32D /* MainInterface.storyboard in Resources */ = {isa = PBXBuildFile; fileRef = 1E781A7323C87AB5005DA32D /* MainInterface.storyboard */; };
		1E781A7923C87AB5005DA32D /* QuickLookPreview.appex in Embed App Extensions */ = {isa = PBXBuildFile; fileRef = 1E781A6C23C87AB5005DA32D /* QuickLookPreview.appex */; settings = {ATTRIBUTES = (RemoveHeadersOnCopy, ); }; };
		1EBC16B123E1320B00C8DE0A /* SNUXKit in Frameworks */ = {isa = PBXBuildFile; productRef = 1EBC16B023E1320B00C8DE0A /* SNUXKit */; };
		1EE16B6423CEF9B800E1FA37 /* WebViewController.swift in Sources */ = {isa = PBXBuildFile; fileRef = 1EE16B6323CEF9B800E1FA37 /* WebViewController.swift */; };
		1EE16B6623CF070000E1FA37 /* EPUBReaderPageWebViewController.swift in Sources */ = {isa = PBXBuildFile; fileRef = 1EE16B6523CF070000E1FA37 /* EPUBReaderPageWebViewController.swift */; };
		1EEC3AD823CD5A1E008BA69D /* ProgressHUD.swift in Sources */ = {isa = PBXBuildFile; fileRef = 1EEC3AD723CD5A1E008BA69D /* ProgressHUD.swift */; };
		1EF4965523CDB7B400B7376B /* EPUBReaderPageViewController.swift in Sources */ = {isa = PBXBuildFile; fileRef = 1EF4965423CDB7B400B7376B /* EPUBReaderPageViewController.swift */; };
/* End PBXBuildFile section */

/* Begin PBXContainerItemProxy section */
		1E6C5AE423BF3C8900A3DE04 /* PBXContainerItemProxy */ = {
			isa = PBXContainerItemProxy;
			containerPortal = 1E6C5AC323BF3C8600A3DE04 /* Project object */;
			proxyType = 1;
			remoteGlobalIDString = 1E6C5ACA23BF3C8700A3DE04;
			remoteInfo = EPUBViewer;
		};
		1E6C5AEF23BF3C8900A3DE04 /* PBXContainerItemProxy */ = {
			isa = PBXContainerItemProxy;
			containerPortal = 1E6C5AC323BF3C8600A3DE04 /* Project object */;
			proxyType = 1;
			remoteGlobalIDString = 1E6C5ACA23BF3C8700A3DE04;
			remoteInfo = EPUBViewer;
		};
		1E781A7723C87AB5005DA32D /* PBXContainerItemProxy */ = {
			isa = PBXContainerItemProxy;
			containerPortal = 1E6C5AC323BF3C8600A3DE04 /* Project object */;
			proxyType = 1;
			remoteGlobalIDString = 1E781A6B23C87AB5005DA32D;
			remoteInfo = QuickLookPreview;
		};
/* End PBXContainerItemProxy section */

/* Begin PBXCopyFilesBuildPhase section */
		1E781A7D23C87AB5005DA32D /* Embed App Extensions */ = {
			isa = PBXCopyFilesBuildPhase;
			buildActionMask = 2147483647;
			dstPath = "";
			dstSubfolderSpec = 13;
			files = (
				1E781A7923C87AB5005DA32D /* QuickLookPreview.appex in Embed App Extensions */,
			);
			name = "Embed App Extensions";
			runOnlyForDeploymentPostprocessing = 0;
		};
		1EF4963E23CD85BB00B7376B /* Embed Frameworks */ = {
			isa = PBXCopyFilesBuildPhase;
			buildActionMask = 2147483647;
			dstPath = "";
			dstSubfolderSpec = 10;
			files = (
				1E2F96F123D013D800A6CD79 /* EPUBKitDynamic in Embed Frameworks */,
			);
			name = "Embed Frameworks";
			runOnlyForDeploymentPostprocessing = 0;
		};
		1EF4964223CD85C400B7376B /* Embed Frameworks */ = {
			isa = PBXCopyFilesBuildPhase;
			buildActionMask = 2147483647;
			dstPath = "";
			dstSubfolderSpec = 10;
			files = (
				1E2F96EE23D013CF00A6CD79 /* EPUBKitDynamic in Embed Frameworks */,
			);
			name = "Embed Frameworks";
			runOnlyForDeploymentPostprocessing = 0;
		};
/* End PBXCopyFilesBuildPhase section */

/* Begin PBXFileReference section */
		193E32D823D9866C00102F5B /* EPUBReaderPageNavigatable.swift */ = {isa = PBXFileReference; lastKnownFileType = sourcecode.swift; path = EPUBReaderPageNavigatable.swift; sourceTree = "<group>"; };
		195E12A423D93C89004ED2B1 /* EPUBReaderTOCView.swift */ = {isa = PBXFileReference; lastKnownFileType = sourcecode.swift; path = EPUBReaderTOCView.swift; sourceTree = "<group>"; };
		195E12A623D9418C004ED2B1 /* EPUBReaderTOCRowView.swift */ = {isa = PBXFileReference; lastKnownFileType = sourcecode.swift; path = EPUBReaderTOCRowView.swift; sourceTree = "<group>"; };
		1E16BCB323D692E2001EAB2A /* EPUBReaderScrollingTableViewController.swift */ = {isa = PBXFileReference; lastKnownFileType = sourcecode.swift; path = EPUBReaderScrollingTableViewController.swift; sourceTree = "<group>"; };
		1E16BCB523D69521001EAB2A /* EPUBReaderScrollingTableViewCell.swift */ = {isa = PBXFileReference; lastKnownFileType = sourcecode.swift; path = EPUBReaderScrollingTableViewCell.swift; sourceTree = "<group>"; };
		1E16BCB723D695DA001EAB2A /* EPUBReaderWebViewController.swift */ = {isa = PBXFileReference; lastKnownFileType = sourcecode.swift; path = EPUBReaderWebViewController.swift; sourceTree = "<group>"; };
		1E16BCBB23D6DB87001EAB2A /* EPUBReaderOptionsView.swift */ = {isa = PBXFileReference; lastKnownFileType = sourcecode.swift; path = EPUBReaderOptionsView.swift; sourceTree = "<group>"; };
		1E16BCBD23D6DCC6001EAB2A /* EPUBReaderOptions.swift */ = {isa = PBXFileReference; lastKnownFileType = sourcecode.swift; path = EPUBReaderOptions.swift; sourceTree = "<group>"; };
		1E19926823D5A3320036FF08 /* EPUBReaderViewController.swift */ = {isa = PBXFileReference; lastKnownFileType = sourcecode.swift; path = EPUBReaderViewController.swift; sourceTree = "<group>"; };
		1E19B4AA23CC0AB300CFE2F3 /* EPUBPreviewView.swift */ = {isa = PBXFileReference; lastKnownFileType = sourcecode.swift; path = EPUBPreviewView.swift; sourceTree = "<group>"; };
		1E19B4B323CC700500CFE2F3 /* ProgressHUDController.swift */ = {isa = PBXFileReference; lastKnownFileType = sourcecode.swift; path = ProgressHUDController.swift; sourceTree = "<group>"; };
		1E2F96E723D0137300A6CD79 /* EPUBKit */ = {isa = PBXFileReference; lastKnownFileType = folder; path = EPUBKit; sourceTree = "<group>"; };
		1E6C5ACB23BF3C8700A3DE04 /* EPUBViewer.app */ = {isa = PBXFileReference; explicitFileType = wrapper.application; includeInIndex = 0; path = EPUBViewer.app; sourceTree = BUILT_PRODUCTS_DIR; };
		1E6C5ACE23BF3C8700A3DE04 /* AppDelegate.swift */ = {isa = PBXFileReference; lastKnownFileType = sourcecode.swift; path = AppDelegate.swift; sourceTree = "<group>"; };
		1E6C5AD023BF3C8700A3DE04 /* DocumentBrowserViewController.swift */ = {isa = PBXFileReference; lastKnownFileType = sourcecode.swift; path = DocumentBrowserViewController.swift; sourceTree = "<group>"; };
		1E6C5AD723BF3C8700A3DE04 /* Base */ = {isa = PBXFileReference; lastKnownFileType = file.storyboard; name = Base; path = Base.lproj/Main.storyboard; sourceTree = "<group>"; };
		1E6C5AD923BF3C8900A3DE04 /* Assets.xcassets */ = {isa = PBXFileReference; lastKnownFileType = folder.assetcatalog; path = Assets.xcassets; sourceTree = "<group>"; };
		1E6C5ADC23BF3C8900A3DE04 /* Base */ = {isa = PBXFileReference; lastKnownFileType = file.storyboard; name = Base; path = Base.lproj/LaunchScreen.storyboard; sourceTree = "<group>"; };
		1E6C5ADE23BF3C8900A3DE04 /* Info.plist */ = {isa = PBXFileReference; lastKnownFileType = text.plist.xml; path = Info.plist; sourceTree = "<group>"; };
		1E6C5AE323BF3C8900A3DE04 /* EPUBViewerTests.xctest */ = {isa = PBXFileReference; explicitFileType = wrapper.cfbundle; includeInIndex = 0; path = EPUBViewerTests.xctest; sourceTree = BUILT_PRODUCTS_DIR; };
		1E6C5AE723BF3C8900A3DE04 /* EPUBViewerTests.swift */ = {isa = PBXFileReference; lastKnownFileType = sourcecode.swift; path = EPUBViewerTests.swift; sourceTree = "<group>"; };
		1E6C5AE923BF3C8900A3DE04 /* Info.plist */ = {isa = PBXFileReference; lastKnownFileType = text.plist.xml; path = Info.plist; sourceTree = "<group>"; };
		1E6C5AEE23BF3C8900A3DE04 /* EPUBViewerUITests.xctest */ = {isa = PBXFileReference; explicitFileType = wrapper.cfbundle; includeInIndex = 0; path = EPUBViewerUITests.xctest; sourceTree = BUILT_PRODUCTS_DIR; };
		1E6C5AF223BF3C8900A3DE04 /* EPUBViewerUITests.swift */ = {isa = PBXFileReference; lastKnownFileType = sourcecode.swift; path = EPUBViewerUITests.swift; sourceTree = "<group>"; };
		1E6C5AF423BF3C8900A3DE04 /* Info.plist */ = {isa = PBXFileReference; lastKnownFileType = text.plist.xml; path = Info.plist; sourceTree = "<group>"; };
		1E781A6C23C87AB5005DA32D /* QuickLookPreview.appex */ = {isa = PBXFileReference; explicitFileType = "wrapper.app-extension"; includeInIndex = 0; path = QuickLookPreview.appex; sourceTree = BUILT_PRODUCTS_DIR; };
		1E781A6E23C87AB5005DA32D /* QuickLook.framework */ = {isa = PBXFileReference; lastKnownFileType = wrapper.framework; name = QuickLook.framework; path = System/Library/Frameworks/QuickLook.framework; sourceTree = SDKROOT; };
		1E781A7123C87AB5005DA32D /* PreviewViewController.swift */ = {isa = PBXFileReference; lastKnownFileType = sourcecode.swift; path = PreviewViewController.swift; sourceTree = "<group>"; };
		1E781A7423C87AB5005DA32D /* Base */ = {isa = PBXFileReference; lastKnownFileType = file.storyboard; name = Base; path = Base.lproj/MainInterface.storyboard; sourceTree = "<group>"; };
		1E781A7623C87AB5005DA32D /* Info.plist */ = {isa = PBXFileReference; lastKnownFileType = text.plist.xml; path = Info.plist; sourceTree = "<group>"; };
		1EC261D923C5892000E99DBB /* EPUBViewer.entitlements */ = {isa = PBXFileReference; lastKnownFileType = text.plist.entitlements; path = EPUBViewer.entitlements; sourceTree = "<group>"; };
		1EE16B6323CEF9B800E1FA37 /* WebViewController.swift */ = {isa = PBXFileReference; lastKnownFileType = sourcecode.swift; path = WebViewController.swift; sourceTree = "<group>"; };
		1EE16B6523CF070000E1FA37 /* EPUBReaderPageWebViewController.swift */ = {isa = PBXFileReference; lastKnownFileType = sourcecode.swift; path = EPUBReaderPageWebViewController.swift; sourceTree = "<group>"; };
		1EEC3AD723CD5A1E008BA69D /* ProgressHUD.swift */ = {isa = PBXFileReference; lastKnownFileType = sourcecode.swift; path = ProgressHUD.swift; sourceTree = "<group>"; };
		1EF2458C23CDCF2900FA1C6A /* QuickLookPreview.entitlements */ = {isa = PBXFileReference; lastKnownFileType = text.plist.entitlements; path = QuickLookPreview.entitlements; sourceTree = "<group>"; };
		1EF4965423CDB7B400B7376B /* EPUBReaderPageViewController.swift */ = {isa = PBXFileReference; lastKnownFileType = sourcecode.swift; path = EPUBReaderPageViewController.swift; sourceTree = "<group>"; };
/* End PBXFileReference section */

/* Begin PBXFrameworksBuildPhase section */
		1E6C5AC823BF3C8700A3DE04 /* Frameworks */ = {
			isa = PBXFrameworksBuildPhase;
			buildActionMask = 2147483647;
			files = (
				1EBC16B123E1320B00C8DE0A /* SNUXKit in Frameworks */,
				1E19B4B223CC6FA900CFE2F3 /* JGProgressHUD in Frameworks */,
				1E2F96F023D013D800A6CD79 /* EPUBKitDynamic in Frameworks */,
			);
			runOnlyForDeploymentPostprocessing = 0;
		};
		1E6C5AE023BF3C8900A3DE04 /* Frameworks */ = {
			isa = PBXFrameworksBuildPhase;
			buildActionMask = 2147483647;
			files = (
			);
			runOnlyForDeploymentPostprocessing = 0;
		};
		1E6C5AEB23BF3C8900A3DE04 /* Frameworks */ = {
			isa = PBXFrameworksBuildPhase;
			buildActionMask = 2147483647;
			files = (
			);
			runOnlyForDeploymentPostprocessing = 0;
		};
		1E781A6923C87AB5005DA32D /* Frameworks */ = {
			isa = PBXFrameworksBuildPhase;
			buildActionMask = 2147483647;
			files = (
				1E2F96ED23D013CF00A6CD79 /* EPUBKitDynamic in Frameworks */,
				1E781A6F23C87AB5005DA32D /* QuickLook.framework in Frameworks */,
			);
			runOnlyForDeploymentPostprocessing = 0;
		};
/* End PBXFrameworksBuildPhase section */

/* Begin PBXGroup section */
		195E12A323D93C71004ED2B1 /* TOC */ = {
			isa = PBXGroup;
			children = (
				195E12A423D93C89004ED2B1 /* EPUBReaderTOCView.swift */,
				195E12A623D9418C004ED2B1 /* EPUBReaderTOCRowView.swift */,
			);
			path = TOC;
			sourceTree = "<group>";
		};
		1E6C5AC223BF3C8600A3DE04 = {
			isa = PBXGroup;
			children = (
				1E6C5ACD23BF3C8700A3DE04 /* EPUBViewer */,
				1E6C5AE623BF3C8900A3DE04 /* EPUBViewerTests */,
				1E6C5AF123BF3C8900A3DE04 /* EPUBViewerUITests */,
				1E781A7023C87AB5005DA32D /* QuickLookPreview */,
				1E781A6D23C87AB5005DA32D /* Frameworks */,
				1E6C5ACC23BF3C8700A3DE04 /* Products */,
			);
			sourceTree = "<group>";
		};
		1E6C5ACC23BF3C8700A3DE04 /* Products */ = {
			isa = PBXGroup;
			children = (
				1E6C5ACB23BF3C8700A3DE04 /* EPUBViewer.app */,
				1E6C5AE323BF3C8900A3DE04 /* EPUBViewerTests.xctest */,
				1E6C5AEE23BF3C8900A3DE04 /* EPUBViewerUITests.xctest */,
				1E781A6C23C87AB5005DA32D /* QuickLookPreview.appex */,
			);
			name = Products;
			sourceTree = "<group>";
		};
		1E6C5ACD23BF3C8700A3DE04 /* EPUBViewer */ = {
			isa = PBXGroup;
			children = (
				1E6C5ACE23BF3C8700A3DE04 /* AppDelegate.swift */,
				1E6C5AD023BF3C8700A3DE04 /* DocumentBrowserViewController.swift */,
				1E19B4AA23CC0AB300CFE2F3 /* EPUBPreviewView.swift */,
				1EAA35A223D82EE0006089D5 /* EPUBReader */,
				1EE16B6323CEF9B800E1FA37 /* WebViewController.swift */,
				1EEC3AD623CD5A0B008BA69D /* ProgressHUD */,
				1E6C5AD623BF3C8700A3DE04 /* Main.storyboard */,
				1E6C5AD923BF3C8900A3DE04 /* Assets.xcassets */,
				1E6C5ADB23BF3C8900A3DE04 /* LaunchScreen.storyboard */,
				1E6C5ADE23BF3C8900A3DE04 /* Info.plist */,
				1EC261D923C5892000E99DBB /* EPUBViewer.entitlements */,
			);
			path = EPUBViewer;
			sourceTree = "<group>";
		};
		1E6C5AE623BF3C8900A3DE04 /* EPUBViewerTests */ = {
			isa = PBXGroup;
			children = (
				1E6C5AE723BF3C8900A3DE04 /* EPUBViewerTests.swift */,
				1E6C5AE923BF3C8900A3DE04 /* Info.plist */,
			);
			path = EPUBViewerTests;
			sourceTree = "<group>";
		};
		1E6C5AF123BF3C8900A3DE04 /* EPUBViewerUITests */ = {
			isa = PBXGroup;
			children = (
				1E6C5AF223BF3C8900A3DE04 /* EPUBViewerUITests.swift */,
				1E6C5AF423BF3C8900A3DE04 /* Info.plist */,
			);
			path = EPUBViewerUITests;
			sourceTree = "<group>";
		};
		1E781A6D23C87AB5005DA32D /* Frameworks */ = {
			isa = PBXGroup;
			children = (
				1E2F96E723D0137300A6CD79 /* EPUBKit */,
				1E781A6E23C87AB5005DA32D /* QuickLook.framework */,
			);
			path = Frameworks;
			sourceTree = "<group>";
		};
		1E781A7023C87AB5005DA32D /* QuickLookPreview */ = {
			isa = PBXGroup;
			children = (
				1EF2458C23CDCF2900FA1C6A /* QuickLookPreview.entitlements */,
				1E781A7123C87AB5005DA32D /* PreviewViewController.swift */,
				1E781A7323C87AB5005DA32D /* MainInterface.storyboard */,
				1E781A7623C87AB5005DA32D /* Info.plist */,
			);
			path = QuickLookPreview;
			sourceTree = "<group>";
		};
		1EAA35A223D82EE0006089D5 /* EPUBReader */ = {
			isa = PBXGroup;
			children = (
				1E19926823D5A3320036FF08 /* EPUBReaderViewController.swift */,
				193E32D823D9866C00102F5B /* EPUBReaderPageNavigatable.swift */,
				195E12A323D93C71004ED2B1 /* TOC */,
				1EAA35A323D82EEC006089D5 /* Options */,
				1EAA35A423D82EF8006089D5 /* PageCurl */,
				1EAA35A523D82F03006089D5 /* Scroll */,
				1E16BCB723D695DA001EAB2A /* EPUBReaderWebViewController.swift */,
			);
			path = EPUBReader;
			sourceTree = "<group>";
		};
		1EAA35A323D82EEC006089D5 /* Options */ = {
			isa = PBXGroup;
			children = (
				1E16BCBD23D6DCC6001EAB2A /* EPUBReaderOptions.swift */,
				1E16BCBB23D6DB87001EAB2A /* EPUBReaderOptionsView.swift */,
			);
			path = Options;
			sourceTree = "<group>";
		};
		1EAA35A423D82EF8006089D5 /* PageCurl */ = {
			isa = PBXGroup;
			children = (
				1EF4965423CDB7B400B7376B /* EPUBReaderPageViewController.swift */,
				1EE16B6523CF070000E1FA37 /* EPUBReaderPageWebViewController.swift */,
			);
			path = PageCurl;
			sourceTree = "<group>";
		};
		1EAA35A523D82F03006089D5 /* Scroll */ = {
			isa = PBXGroup;
			children = (
				1E16BCB323D692E2001EAB2A /* EPUBReaderScrollingTableViewController.swift */,
				1E16BCB523D69521001EAB2A /* EPUBReaderScrollingTableViewCell.swift */,
			);
			path = Scroll;
			sourceTree = "<group>";
		};
		1EEC3AD623CD5A0B008BA69D /* ProgressHUD */ = {
			isa = PBXGroup;
			children = (
				1E19B4B323CC700500CFE2F3 /* ProgressHUDController.swift */,
				1EEC3AD723CD5A1E008BA69D /* ProgressHUD.swift */,
			);
			path = ProgressHUD;
			sourceTree = "<group>";
		};
/* End PBXGroup section */

/* Begin PBXNativeTarget section */
		1E6C5ACA23BF3C8700A3DE04 /* EPUBViewer */ = {
			isa = PBXNativeTarget;
			buildConfigurationList = 1E6C5AF723BF3C8900A3DE04 /* Build configuration list for PBXNativeTarget "EPUBViewer" */;
			buildPhases = (
				1E6C5AC723BF3C8700A3DE04 /* Sources */,
				1E6C5AC823BF3C8700A3DE04 /* Frameworks */,
				1E6C5AC923BF3C8700A3DE04 /* Resources */,
				1E781A7D23C87AB5005DA32D /* Embed App Extensions */,
				1EF4963E23CD85BB00B7376B /* Embed Frameworks */,
			);
			buildRules = (
			);
			dependencies = (
				1E781A7823C87AB5005DA32D /* PBXTargetDependency */,
			);
			name = EPUBViewer;
			packageProductDependencies = (
				1E19B4B123CC6FA900CFE2F3 /* JGProgressHUD */,
				1E2F96EF23D013D800A6CD79 /* EPUBKitDynamic */,
				1EBC16B023E1320B00C8DE0A /* SNUXKit */,
			);
			productName = EPUBViewer;
			productReference = 1E6C5ACB23BF3C8700A3DE04 /* EPUBViewer.app */;
			productType = "com.apple.product-type.application";
		};
		1E6C5AE223BF3C8900A3DE04 /* EPUBViewerTests */ = {
			isa = PBXNativeTarget;
			buildConfigurationList = 1E6C5AFA23BF3C8900A3DE04 /* Build configuration list for PBXNativeTarget "EPUBViewerTests" */;
			buildPhases = (
				1E6C5ADF23BF3C8900A3DE04 /* Sources */,
				1E6C5AE023BF3C8900A3DE04 /* Frameworks */,
				1E6C5AE123BF3C8900A3DE04 /* Resources */,
			);
			buildRules = (
			);
			dependencies = (
				1E6C5AE523BF3C8900A3DE04 /* PBXTargetDependency */,
			);
			name = EPUBViewerTests;
			productName = EPUBViewerTests;
			productReference = 1E6C5AE323BF3C8900A3DE04 /* EPUBViewerTests.xctest */;
			productType = "com.apple.product-type.bundle.unit-test";
		};
		1E6C5AED23BF3C8900A3DE04 /* EPUBViewerUITests */ = {
			isa = PBXNativeTarget;
			buildConfigurationList = 1E6C5AFD23BF3C8900A3DE04 /* Build configuration list for PBXNativeTarget "EPUBViewerUITests" */;
			buildPhases = (
				1E6C5AEA23BF3C8900A3DE04 /* Sources */,
				1E6C5AEB23BF3C8900A3DE04 /* Frameworks */,
				1E6C5AEC23BF3C8900A3DE04 /* Resources */,
			);
			buildRules = (
			);
			dependencies = (
				1E6C5AF023BF3C8900A3DE04 /* PBXTargetDependency */,
			);
			name = EPUBViewerUITests;
			productName = EPUBViewerUITests;
			productReference = 1E6C5AEE23BF3C8900A3DE04 /* EPUBViewerUITests.xctest */;
			productType = "com.apple.product-type.bundle.ui-testing";
		};
		1E781A6B23C87AB5005DA32D /* QuickLookPreview */ = {
			isa = PBXNativeTarget;
			buildConfigurationList = 1E781A7A23C87AB5005DA32D /* Build configuration list for PBXNativeTarget "QuickLookPreview" */;
			buildPhases = (
				1E781A6823C87AB5005DA32D /* Sources */,
				1E781A6923C87AB5005DA32D /* Frameworks */,
				1E781A6A23C87AB5005DA32D /* Resources */,
				1EF4964223CD85C400B7376B /* Embed Frameworks */,
			);
			buildRules = (
			);
			dependencies = (
			);
			name = QuickLookPreview;
			packageProductDependencies = (
				1E2F96EC23D013CF00A6CD79 /* EPUBKitDynamic */,
			);
			productName = QuickLookPreview;
			productReference = 1E781A6C23C87AB5005DA32D /* QuickLookPreview.appex */;
			productType = "com.apple.product-type.app-extension";
		};
/* End PBXNativeTarget section */

/* Begin PBXProject section */
		1E6C5AC323BF3C8600A3DE04 /* Project object */ = {
			isa = PBXProject;
			attributes = {
				LastSwiftUpdateCheck = 1130;
				LastUpgradeCheck = 1130;
				ORGANIZATIONNAME = "Jaehong Kang";
				TargetAttributes = {
					1E6C5ACA23BF3C8700A3DE04 = {
						CreatedOnToolsVersion = 11.3;
					};
					1E6C5AE223BF3C8900A3DE04 = {
						CreatedOnToolsVersion = 11.3;
						TestTargetID = 1E6C5ACA23BF3C8700A3DE04;
					};
					1E6C5AED23BF3C8900A3DE04 = {
						CreatedOnToolsVersion = 11.3;
						TestTargetID = 1E6C5ACA23BF3C8700A3DE04;
					};
					1E781A6B23C87AB5005DA32D = {
						CreatedOnToolsVersion = 11.3;
					};
				};
			};
			buildConfigurationList = 1E6C5AC623BF3C8600A3DE04 /* Build configuration list for PBXProject "EPUBViewer" */;
			compatibilityVersion = "Xcode 9.3";
			developmentRegion = en;
			hasScannedForEncodings = 0;
			knownRegions = (
				en,
				Base,
			);
			mainGroup = 1E6C5AC223BF3C8600A3DE04;
			packageReferences = (
				1E19B4B023CC6FA900CFE2F3 /* XCRemoteSwiftPackageReference "JGProgressHUD" */,
				1EBC16AF23E1320B00C8DE0A /* XCRemoteSwiftPackageReference "SNUXKit.swift" */,
			);
			productRefGroup = 1E6C5ACC23BF3C8700A3DE04 /* Products */;
			projectDirPath = "";
			projectRoot = "";
			targets = (
				1E6C5ACA23BF3C8700A3DE04 /* EPUBViewer */,
				1E6C5AE223BF3C8900A3DE04 /* EPUBViewerTests */,
				1E6C5AED23BF3C8900A3DE04 /* EPUBViewerUITests */,
				1E781A6B23C87AB5005DA32D /* QuickLookPreview */,
			);
		};
/* End PBXProject section */

/* Begin PBXResourcesBuildPhase section */
		1E6C5AC923BF3C8700A3DE04 /* Resources */ = {
			isa = PBXResourcesBuildPhase;
			buildActionMask = 2147483647;
			files = (
				1E6C5ADD23BF3C8900A3DE04 /* LaunchScreen.storyboard in Resources */,
				1E6C5ADA23BF3C8900A3DE04 /* Assets.xcassets in Resources */,
				1E6C5AD823BF3C8700A3DE04 /* Main.storyboard in Resources */,
			);
			runOnlyForDeploymentPostprocessing = 0;
		};
		1E6C5AE123BF3C8900A3DE04 /* Resources */ = {
			isa = PBXResourcesBuildPhase;
			buildActionMask = 2147483647;
			files = (
			);
			runOnlyForDeploymentPostprocessing = 0;
		};
		1E6C5AEC23BF3C8900A3DE04 /* Resources */ = {
			isa = PBXResourcesBuildPhase;
			buildActionMask = 2147483647;
			files = (
			);
			runOnlyForDeploymentPostprocessing = 0;
		};
		1E781A6A23C87AB5005DA32D /* Resources */ = {
			isa = PBXResourcesBuildPhase;
			buildActionMask = 2147483647;
			files = (
				1E781A7523C87AB5005DA32D /* MainInterface.storyboard in Resources */,
			);
			runOnlyForDeploymentPostprocessing = 0;
		};
/* End PBXResourcesBuildPhase section */

/* Begin PBXSourcesBuildPhase section */
		1E6C5AC723BF3C8700A3DE04 /* Sources */ = {
			isa = PBXSourcesBuildPhase;
			buildActionMask = 2147483647;
			files = (
				1E16BCB423D692E2001EAB2A /* EPUBReaderScrollingTableViewController.swift in Sources */,
				1EE16B6623CF070000E1FA37 /* EPUBReaderPageWebViewController.swift in Sources */,
				1EF4965523CDB7B400B7376B /* EPUBReaderPageViewController.swift in Sources */,
				195E12A523D93C89004ED2B1 /* EPUBReaderTOCView.swift in Sources */,
				1E19B4AB23CC0AB300CFE2F3 /* EPUBPreviewView.swift in Sources */,
				1E16BCB823D695DA001EAB2A /* EPUBReaderWebViewController.swift in Sources */,
				1E16BCB623D69521001EAB2A /* EPUBReaderScrollingTableViewCell.swift in Sources */,
				1E19B4B423CC700500CFE2F3 /* ProgressHUDController.swift in Sources */,
				1EE16B6423CEF9B800E1FA37 /* WebViewController.swift in Sources */,
				1EEC3AD823CD5A1E008BA69D /* ProgressHUD.swift in Sources */,
				1E16BCBC23D6DB87001EAB2A /* EPUBReaderOptionsView.swift in Sources */,
				193E32D923D9866C00102F5B /* EPUBReaderPageNavigatable.swift in Sources */,
				1E6C5AD123BF3C8700A3DE04 /* DocumentBrowserViewController.swift in Sources */,
				1E16BCBE23D6DCC6001EAB2A /* EPUBReaderOptions.swift in Sources */,
				195E12A723D9418C004ED2B1 /* EPUBReaderTOCRowView.swift in Sources */,
				1E6C5ACF23BF3C8700A3DE04 /* AppDelegate.swift in Sources */,
				1E19926923D5A3320036FF08 /* EPUBReaderViewController.swift in Sources */,
			);
			runOnlyForDeploymentPostprocessing = 0;
		};
		1E6C5ADF23BF3C8900A3DE04 /* Sources */ = {
			isa = PBXSourcesBuildPhase;
			buildActionMask = 2147483647;
			files = (
				1E6C5AE823BF3C8900A3DE04 /* EPUBViewerTests.swift in Sources */,
			);
			runOnlyForDeploymentPostprocessing = 0;
		};
		1E6C5AEA23BF3C8900A3DE04 /* Sources */ = {
			isa = PBXSourcesBuildPhase;
			buildActionMask = 2147483647;
			files = (
				1E6C5AF323BF3C8900A3DE04 /* EPUBViewerUITests.swift in Sources */,
			);
			runOnlyForDeploymentPostprocessing = 0;
		};
		1E781A6823C87AB5005DA32D /* Sources */ = {
			isa = PBXSourcesBuildPhase;
			buildActionMask = 2147483647;
			files = (
				1E781A7223C87AB5005DA32D /* PreviewViewController.swift in Sources */,
			);
			runOnlyForDeploymentPostprocessing = 0;
		};
/* End PBXSourcesBuildPhase section */

/* Begin PBXTargetDependency section */
		1E6C5AE523BF3C8900A3DE04 /* PBXTargetDependency */ = {
			isa = PBXTargetDependency;
			target = 1E6C5ACA23BF3C8700A3DE04 /* EPUBViewer */;
			targetProxy = 1E6C5AE423BF3C8900A3DE04 /* PBXContainerItemProxy */;
		};
		1E6C5AF023BF3C8900A3DE04 /* PBXTargetDependency */ = {
			isa = PBXTargetDependency;
			target = 1E6C5ACA23BF3C8700A3DE04 /* EPUBViewer */;
			targetProxy = 1E6C5AEF23BF3C8900A3DE04 /* PBXContainerItemProxy */;
		};
		1E781A7823C87AB5005DA32D /* PBXTargetDependency */ = {
			isa = PBXTargetDependency;
			target = 1E781A6B23C87AB5005DA32D /* QuickLookPreview */;
			targetProxy = 1E781A7723C87AB5005DA32D /* PBXContainerItemProxy */;
		};
/* End PBXTargetDependency section */

/* Begin PBXVariantGroup section */
		1E6C5AD623BF3C8700A3DE04 /* Main.storyboard */ = {
			isa = PBXVariantGroup;
			children = (
				1E6C5AD723BF3C8700A3DE04 /* Base */,
			);
			name = Main.storyboard;
			sourceTree = "<group>";
		};
		1E6C5ADB23BF3C8900A3DE04 /* LaunchScreen.storyboard */ = {
			isa = PBXVariantGroup;
			children = (
				1E6C5ADC23BF3C8900A3DE04 /* Base */,
			);
			name = LaunchScreen.storyboard;
			sourceTree = "<group>";
		};
		1E781A7323C87AB5005DA32D /* MainInterface.storyboard */ = {
			isa = PBXVariantGroup;
			children = (
				1E781A7423C87AB5005DA32D /* Base */,
			);
			name = MainInterface.storyboard;
			sourceTree = "<group>";
		};
/* End PBXVariantGroup section */

/* Begin XCBuildConfiguration section */
		1E6C5AF523BF3C8900A3DE04 /* Debug */ = {
			isa = XCBuildConfiguration;
			buildSettings = {
				ALWAYS_SEARCH_USER_PATHS = NO;
				CLANG_ANALYZER_NONNULL = YES;
				CLANG_ANALYZER_NUMBER_OBJECT_CONVERSION = YES_AGGRESSIVE;
				CLANG_CXX_LANGUAGE_STANDARD = "gnu++14";
				CLANG_CXX_LIBRARY = "libc++";
				CLANG_ENABLE_MODULES = YES;
				CLANG_ENABLE_OBJC_ARC = YES;
				CLANG_ENABLE_OBJC_WEAK = YES;
				CLANG_WARN_BLOCK_CAPTURE_AUTORELEASING = YES;
				CLANG_WARN_BOOL_CONVERSION = YES;
				CLANG_WARN_COMMA = YES;
				CLANG_WARN_CONSTANT_CONVERSION = YES;
				CLANG_WARN_DEPRECATED_OBJC_IMPLEMENTATIONS = YES;
				CLANG_WARN_DIRECT_OBJC_ISA_USAGE = YES_ERROR;
				CLANG_WARN_DOCUMENTATION_COMMENTS = YES;
				CLANG_WARN_EMPTY_BODY = YES;
				CLANG_WARN_ENUM_CONVERSION = YES;
				CLANG_WARN_INFINITE_RECURSION = YES;
				CLANG_WARN_INT_CONVERSION = YES;
				CLANG_WARN_NON_LITERAL_NULL_CONVERSION = YES;
				CLANG_WARN_OBJC_IMPLICIT_RETAIN_SELF = YES;
				CLANG_WARN_OBJC_LITERAL_CONVERSION = YES;
				CLANG_WARN_OBJC_ROOT_CLASS = YES_ERROR;
				CLANG_WARN_RANGE_LOOP_ANALYSIS = YES;
				CLANG_WARN_STRICT_PROTOTYPES = YES;
				CLANG_WARN_SUSPICIOUS_MOVE = YES;
				CLANG_WARN_UNGUARDED_AVAILABILITY = YES_AGGRESSIVE;
				CLANG_WARN_UNREACHABLE_CODE = YES;
				CLANG_WARN__DUPLICATE_METHOD_MATCH = YES;
				COPY_PHASE_STRIP = NO;
				DEBUG_INFORMATION_FORMAT = dwarf;
				ENABLE_STRICT_OBJC_MSGSEND = YES;
				ENABLE_TESTABILITY = YES;
				GCC_C_LANGUAGE_STANDARD = gnu11;
				GCC_DYNAMIC_NO_PIC = NO;
				GCC_NO_COMMON_BLOCKS = YES;
				GCC_OPTIMIZATION_LEVEL = 0;
				GCC_PREPROCESSOR_DEFINITIONS = (
					"DEBUG=1",
					"$(inherited)",
				);
				GCC_WARN_64_TO_32_BIT_CONVERSION = YES;
				GCC_WARN_ABOUT_RETURN_TYPE = YES_ERROR;
				GCC_WARN_UNDECLARED_SELECTOR = YES;
				GCC_WARN_UNINITIALIZED_AUTOS = YES_AGGRESSIVE;
				GCC_WARN_UNUSED_FUNCTION = YES;
				GCC_WARN_UNUSED_VARIABLE = YES;
				IPHONEOS_DEPLOYMENT_TARGET = 13.2;
				MTL_ENABLE_DEBUG_INFO = INCLUDE_SOURCE;
				MTL_FAST_MATH = YES;
				ONLY_ACTIVE_ARCH = YES;
				SDKROOT = iphoneos;
				SWIFT_ACTIVE_COMPILATION_CONDITIONS = DEBUG;
				SWIFT_OPTIMIZATION_LEVEL = "-Onone";
			};
			name = Debug;
		};
		1E6C5AF623BF3C8900A3DE04 /* Release */ = {
			isa = XCBuildConfiguration;
			buildSettings = {
				ALWAYS_SEARCH_USER_PATHS = NO;
				CLANG_ANALYZER_NONNULL = YES;
				CLANG_ANALYZER_NUMBER_OBJECT_CONVERSION = YES_AGGRESSIVE;
				CLANG_CXX_LANGUAGE_STANDARD = "gnu++14";
				CLANG_CXX_LIBRARY = "libc++";
				CLANG_ENABLE_MODULES = YES;
				CLANG_ENABLE_OBJC_ARC = YES;
				CLANG_ENABLE_OBJC_WEAK = YES;
				CLANG_WARN_BLOCK_CAPTURE_AUTORELEASING = YES;
				CLANG_WARN_BOOL_CONVERSION = YES;
				CLANG_WARN_COMMA = YES;
				CLANG_WARN_CONSTANT_CONVERSION = YES;
				CLANG_WARN_DEPRECATED_OBJC_IMPLEMENTATIONS = YES;
				CLANG_WARN_DIRECT_OBJC_ISA_USAGE = YES_ERROR;
				CLANG_WARN_DOCUMENTATION_COMMENTS = YES;
				CLANG_WARN_EMPTY_BODY = YES;
				CLANG_WARN_ENUM_CONVERSION = YES;
				CLANG_WARN_INFINITE_RECURSION = YES;
				CLANG_WARN_INT_CONVERSION = YES;
				CLANG_WARN_NON_LITERAL_NULL_CONVERSION = YES;
				CLANG_WARN_OBJC_IMPLICIT_RETAIN_SELF = YES;
				CLANG_WARN_OBJC_LITERAL_CONVERSION = YES;
				CLANG_WARN_OBJC_ROOT_CLASS = YES_ERROR;
				CLANG_WARN_RANGE_LOOP_ANALYSIS = YES;
				CLANG_WARN_STRICT_PROTOTYPES = YES;
				CLANG_WARN_SUSPICIOUS_MOVE = YES;
				CLANG_WARN_UNGUARDED_AVAILABILITY = YES_AGGRESSIVE;
				CLANG_WARN_UNREACHABLE_CODE = YES;
				CLANG_WARN__DUPLICATE_METHOD_MATCH = YES;
				COPY_PHASE_STRIP = NO;
				DEBUG_INFORMATION_FORMAT = "dwarf-with-dsym";
				ENABLE_NS_ASSERTIONS = NO;
				ENABLE_STRICT_OBJC_MSGSEND = YES;
				GCC_C_LANGUAGE_STANDARD = gnu11;
				GCC_NO_COMMON_BLOCKS = YES;
				GCC_WARN_64_TO_32_BIT_CONVERSION = YES;
				GCC_WARN_ABOUT_RETURN_TYPE = YES_ERROR;
				GCC_WARN_UNDECLARED_SELECTOR = YES;
				GCC_WARN_UNINITIALIZED_AUTOS = YES_AGGRESSIVE;
				GCC_WARN_UNUSED_FUNCTION = YES;
				GCC_WARN_UNUSED_VARIABLE = YES;
				IPHONEOS_DEPLOYMENT_TARGET = 13.2;
				MTL_ENABLE_DEBUG_INFO = NO;
				MTL_FAST_MATH = YES;
				SDKROOT = iphoneos;
				SWIFT_COMPILATION_MODE = wholemodule;
				SWIFT_OPTIMIZATION_LEVEL = "-O";
				VALIDATE_PRODUCT = YES;
			};
			name = Release;
		};
		1E6C5AF823BF3C8900A3DE04 /* Debug */ = {
			isa = XCBuildConfiguration;
			buildSettings = {
				ALWAYS_EMBED_SWIFT_STANDARD_LIBRARIES = YES;
				ASSETCATALOG_COMPILER_APPICON_NAME = AppIcon;
				CODE_SIGN_ENTITLEMENTS = EPUBViewer/EPUBViewer.entitlements;
				CODE_SIGN_STYLE = Automatic;
				DERIVE_MACCATALYST_PRODUCT_BUNDLE_IDENTIFIER = YES;
				DEVELOPMENT_TEAM = 83XZ8ZBS6L;
				INFOPLIST_FILE = EPUBViewer/Info.plist;
				LD_RUNPATH_SEARCH_PATHS = (
					"$(inherited)",
					"@executable_path/Frameworks",
				);
				PRODUCT_BUNDLE_IDENTIFIER = io.sinoru.EPUBViewer;
				PRODUCT_NAME = "$(TARGET_NAME)";
				SUPPORTS_MACCATALYST = YES;
				SWIFT_VERSION = 5.0;
				TARGETED_DEVICE_FAMILY = "1,2";
			};
			name = Debug;
		};
		1E6C5AF923BF3C8900A3DE04 /* Release */ = {
			isa = XCBuildConfiguration;
			buildSettings = {
				ALWAYS_EMBED_SWIFT_STANDARD_LIBRARIES = YES;
				ASSETCATALOG_COMPILER_APPICON_NAME = AppIcon;
				CODE_SIGN_ENTITLEMENTS = EPUBViewer/EPUBViewer.entitlements;
				CODE_SIGN_STYLE = Automatic;
				DERIVE_MACCATALYST_PRODUCT_BUNDLE_IDENTIFIER = YES;
				DEVELOPMENT_TEAM = 83XZ8ZBS6L;
				INFOPLIST_FILE = EPUBViewer/Info.plist;
				LD_RUNPATH_SEARCH_PATHS = (
					"$(inherited)",
					"@executable_path/Frameworks",
				);
				PRODUCT_BUNDLE_IDENTIFIER = io.sinoru.EPUBViewer;
				PRODUCT_NAME = "$(TARGET_NAME)";
				SUPPORTS_MACCATALYST = YES;
				SWIFT_VERSION = 5.0;
				TARGETED_DEVICE_FAMILY = "1,2";
			};
			name = Release;
		};
		1E6C5AFB23BF3C8900A3DE04 /* Debug */ = {
			isa = XCBuildConfiguration;
			buildSettings = {
				ALWAYS_EMBED_SWIFT_STANDARD_LIBRARIES = YES;
				BUNDLE_LOADER = "$(TEST_HOST)";
				CODE_SIGN_STYLE = Automatic;
				DEVELOPMENT_TEAM = 83XZ8ZBS6L;
				INFOPLIST_FILE = EPUBViewerTests/Info.plist;
				IPHONEOS_DEPLOYMENT_TARGET = 13.2;
				LD_RUNPATH_SEARCH_PATHS = (
					"$(inherited)",
					"@executable_path/Frameworks",
					"@loader_path/Frameworks",
				);
				PRODUCT_BUNDLE_IDENTIFIER = io.sinoru.EPUBViewerTests;
				PRODUCT_NAME = "$(TARGET_NAME)";
				SWIFT_VERSION = 5.0;
				TARGETED_DEVICE_FAMILY = "1,2";
				TEST_HOST = "$(BUILT_PRODUCTS_DIR)/EPUBViewer.app/EPUBViewer";
			};
			name = Debug;
		};
		1E6C5AFC23BF3C8900A3DE04 /* Release */ = {
			isa = XCBuildConfiguration;
			buildSettings = {
				ALWAYS_EMBED_SWIFT_STANDARD_LIBRARIES = YES;
				BUNDLE_LOADER = "$(TEST_HOST)";
				CODE_SIGN_STYLE = Automatic;
				DEVELOPMENT_TEAM = 83XZ8ZBS6L;
				INFOPLIST_FILE = EPUBViewerTests/Info.plist;
				IPHONEOS_DEPLOYMENT_TARGET = 13.2;
				LD_RUNPATH_SEARCH_PATHS = (
					"$(inherited)",
					"@executable_path/Frameworks",
					"@loader_path/Frameworks",
				);
				PRODUCT_BUNDLE_IDENTIFIER = io.sinoru.EPUBViewerTests;
				PRODUCT_NAME = "$(TARGET_NAME)";
				SWIFT_VERSION = 5.0;
				TARGETED_DEVICE_FAMILY = "1,2";
				TEST_HOST = "$(BUILT_PRODUCTS_DIR)/EPUBViewer.app/EPUBViewer";
			};
			name = Release;
		};
		1E6C5AFE23BF3C8900A3DE04 /* Debug */ = {
			isa = XCBuildConfiguration;
			buildSettings = {
				ALWAYS_EMBED_SWIFT_STANDARD_LIBRARIES = YES;
				CODE_SIGN_STYLE = Automatic;
				DEVELOPMENT_TEAM = 83XZ8ZBS6L;
				INFOPLIST_FILE = EPUBViewerUITests/Info.plist;
				LD_RUNPATH_SEARCH_PATHS = (
					"$(inherited)",
					"@executable_path/Frameworks",
					"@loader_path/Frameworks",
				);
				PRODUCT_BUNDLE_IDENTIFIER = io.sinoru.EPUBViewerUITests;
				PRODUCT_NAME = "$(TARGET_NAME)";
				SWIFT_VERSION = 5.0;
				TARGETED_DEVICE_FAMILY = "1,2";
				TEST_TARGET_NAME = EPUBViewer;
			};
			name = Debug;
		};
		1E6C5AFF23BF3C8900A3DE04 /* Release */ = {
			isa = XCBuildConfiguration;
			buildSettings = {
				ALWAYS_EMBED_SWIFT_STANDARD_LIBRARIES = YES;
				CODE_SIGN_STYLE = Automatic;
				DEVELOPMENT_TEAM = 83XZ8ZBS6L;
				INFOPLIST_FILE = EPUBViewerUITests/Info.plist;
				LD_RUNPATH_SEARCH_PATHS = (
					"$(inherited)",
					"@executable_path/Frameworks",
					"@loader_path/Frameworks",
				);
				PRODUCT_BUNDLE_IDENTIFIER = io.sinoru.EPUBViewerUITests;
				PRODUCT_NAME = "$(TARGET_NAME)";
				SWIFT_VERSION = 5.0;
				TARGETED_DEVICE_FAMILY = "1,2";
				TEST_TARGET_NAME = EPUBViewer;
			};
			name = Release;
		};
		1E781A7B23C87AB5005DA32D /* Debug */ = {
			isa = XCBuildConfiguration;
			buildSettings = {
				CODE_SIGN_ENTITLEMENTS = QuickLookPreview/QuickLookPreview.entitlements;
				CODE_SIGN_STYLE = Automatic;
				DERIVE_MACCATALYST_PRODUCT_BUNDLE_IDENTIFIER = YES;
				DEVELOPMENT_TEAM = 83XZ8ZBS6L;
				INFOPLIST_FILE = QuickLookPreview/Info.plist;
				LD_RUNPATH_SEARCH_PATHS = (
					"$(inherited)",
					"@executable_path/Frameworks",
					"@executable_path/../../Frameworks",
				);
				PRODUCT_BUNDLE_IDENTIFIER = io.sinoru.EPUBViewer.QuickLookPreview;
				PRODUCT_NAME = "$(TARGET_NAME)";
				SKIP_INSTALL = YES;
				SUPPORTS_MACCATALYST = YES;
				SWIFT_VERSION = 5.0;
				TARGETED_DEVICE_FAMILY = "1,2";
			};
			name = Debug;
		};
		1E781A7C23C87AB5005DA32D /* Release */ = {
			isa = XCBuildConfiguration;
			buildSettings = {
				CODE_SIGN_ENTITLEMENTS = QuickLookPreview/QuickLookPreview.entitlements;
				CODE_SIGN_STYLE = Automatic;
				DERIVE_MACCATALYST_PRODUCT_BUNDLE_IDENTIFIER = YES;
				DEVELOPMENT_TEAM = 83XZ8ZBS6L;
				INFOPLIST_FILE = QuickLookPreview/Info.plist;
				LD_RUNPATH_SEARCH_PATHS = (
					"$(inherited)",
					"@executable_path/Frameworks",
					"@executable_path/../../Frameworks",
				);
				PRODUCT_BUNDLE_IDENTIFIER = io.sinoru.EPUBViewer.QuickLookPreview;
				PRODUCT_NAME = "$(TARGET_NAME)";
				SKIP_INSTALL = YES;
				SUPPORTS_MACCATALYST = YES;
				SWIFT_VERSION = 5.0;
				TARGETED_DEVICE_FAMILY = "1,2";
			};
			name = Release;
		};
/* End XCBuildConfiguration section */

/* Begin XCConfigurationList section */
		1E6C5AC623BF3C8600A3DE04 /* Build configuration list for PBXProject "EPUBViewer" */ = {
			isa = XCConfigurationList;
			buildConfigurations = (
				1E6C5AF523BF3C8900A3DE04 /* Debug */,
				1E6C5AF623BF3C8900A3DE04 /* Release */,
			);
			defaultConfigurationIsVisible = 0;
			defaultConfigurationName = Release;
		};
		1E6C5AF723BF3C8900A3DE04 /* Build configuration list for PBXNativeTarget "EPUBViewer" */ = {
			isa = XCConfigurationList;
			buildConfigurations = (
				1E6C5AF823BF3C8900A3DE04 /* Debug */,
				1E6C5AF923BF3C8900A3DE04 /* Release */,
			);
			defaultConfigurationIsVisible = 0;
			defaultConfigurationName = Release;
		};
		1E6C5AFA23BF3C8900A3DE04 /* Build configuration list for PBXNativeTarget "EPUBViewerTests" */ = {
			isa = XCConfigurationList;
			buildConfigurations = (
				1E6C5AFB23BF3C8900A3DE04 /* Debug */,
				1E6C5AFC23BF3C8900A3DE04 /* Release */,
			);
			defaultConfigurationIsVisible = 0;
			defaultConfigurationName = Release;
		};
		1E6C5AFD23BF3C8900A3DE04 /* Build configuration list for PBXNativeTarget "EPUBViewerUITests" */ = {
			isa = XCConfigurationList;
			buildConfigurations = (
				1E6C5AFE23BF3C8900A3DE04 /* Debug */,
				1E6C5AFF23BF3C8900A3DE04 /* Release */,
			);
			defaultConfigurationIsVisible = 0;
			defaultConfigurationName = Release;
		};
		1E781A7A23C87AB5005DA32D /* Build configuration list for PBXNativeTarget "QuickLookPreview" */ = {
			isa = XCConfigurationList;
			buildConfigurations = (
				1E781A7B23C87AB5005DA32D /* Debug */,
				1E781A7C23C87AB5005DA32D /* Release */,
			);
			defaultConfigurationIsVisible = 0;
			defaultConfigurationName = Release;
		};
/* End XCConfigurationList section */

/* Begin XCRemoteSwiftPackageReference section */
		1E19B4B023CC6FA900CFE2F3 /* XCRemoteSwiftPackageReference "JGProgressHUD" */ = {
			isa = XCRemoteSwiftPackageReference;
			repositoryURL = "https://github.com/JonasGessner/JGProgressHUD.git";
			requirement = {
				kind = upToNextMajorVersion;
				minimumVersion = 2.1.0;
			};
		};
		1EBC16AF23E1320B00C8DE0A /* XCRemoteSwiftPackageReference "SNUXKit.swift" */ = {
			isa = XCRemoteSwiftPackageReference;
			repositoryURL = "https://github.com/sinoru/SNUXKit.swift.git";
			requirement = {
				kind = revision;
				revision = 64ebb86d80a125941dc6b2495921b15546eb2c6b;
			};
		};
/* End XCRemoteSwiftPackageReference section */

/* Begin XCSwiftPackageProductDependency section */
		1E19B4B123CC6FA900CFE2F3 /* JGProgressHUD */ = {
			isa = XCSwiftPackageProductDependency;
			package = 1E19B4B023CC6FA900CFE2F3 /* XCRemoteSwiftPackageReference "JGProgressHUD" */;
			productName = JGProgressHUD;
		};
		1E2F96EC23D013CF00A6CD79 /* EPUBKitDynamic */ = {
			isa = XCSwiftPackageProductDependency;
			productName = EPUBKitDynamic;
		};
		1E2F96EF23D013D800A6CD79 /* EPUBKitDynamic */ = {
			isa = XCSwiftPackageProductDependency;
			productName = EPUBKitDynamic;
		};
		1EBC16B023E1320B00C8DE0A /* SNUXKit */ = {
			isa = XCSwiftPackageProductDependency;
			package = 1EBC16AF23E1320B00C8DE0A /* XCRemoteSwiftPackageReference "SNUXKit.swift" */;
			productName = SNUXKit;
		};
/* End XCSwiftPackageProductDependency section */
	};
	rootObject = 1E6C5AC323BF3C8600A3DE04 /* Project object */;
}
